
Microsoft Visual Studio Solution File, Format Version 12.00
# Visual Studio Version 17
VisualStudioVersion = 17.5.33530.505
MinimumVisualStudioVersion = 10.0.40219.1
Project("{FAE04EC0-301F-11D3-BF4B-00C04F79EFBC}") = "NetCoreWebApiWithSwagger", "NetCoreWebApiWithSwagger\NetCoreWebApiWithSwagger.csproj", "{7448CC71-DFEB-421D-9651-64C33D625DF7}"
EndProject
Global
	GlobalSection(SolutionConfigurationPlatforms) = preSolution
		Debug|Any CPU = Debug|Any CPU
		Release|Any CPU = Release|Any CPU
	EndGlobalSection
	GlobalSection(ProjectConfigurationPlatforms) = postSolution
		{7448CC71-DFEB-421D-9651-64C33D625DF7}.Debug|Any CPU.ActiveCfg = Debug|Any CPU
		{7448CC71-DFEB-421D-9651-64C33D625DF7}.Debug|Any CPU.Build.0 = Debug|Any CPU
		{7448CC71-DFEB-421D-9651-64C33D625DF7}.Release|Any CPU.ActiveCfg = Release|Any CPU
		{7448CC71-DFEB-421D-9651-64C33D625DF7}.Release|Any CPU.Build.0 = Release|Any CPU
	EndGlobalSection
	GlobalSection(SolutionProperties) = preSolution
		HideSolutionNode = FALSE
	EndGlobalSection
	GlobalSection(ExtensibilityGlobals) = postSolution
		SolutionGuid = {6E351061-36DB-486E-84D3-EC148B008EAF}
	EndGlobalSection
EndGlobal
